
Microsoft Visual Studio Solution File, Format Version 12.00
# Visual Studio Version 17
VisualStudioVersion = 17.1.32414.318
MinimumVisualStudioVersion = 10.0.40219.1
Project("{FAE04EC0-301F-11D3-BF4B-00C04F79EFBC}") = "SignalRChatBlazor.Server", "SignalRChatBlazor\Server\SignalRChatBlazor.Server.csproj", "{58CD947F-D323-410F-8CAF-172DC2FAF84E}"
EndProject
Project("{FAE04EC0-301F-11D3-BF4B-00C04F79EFBC}") = "SignalRChatBlazor.Client", "SignalRChatBlazor\Client\SignalRChatBlazor.Client.csproj", "{A47AB6A4-1DE9-4771-8321-421898728F55}"
EndProject
Project("{FAE04EC0-301F-11D3-BF4B-00C04F79EFBC}") = "SignalRChatBlazor.Shared", "SignalRChatBlazor\Shared\SignalRChatBlazor.Shared.csproj", "{2CADD156-CB9C-48BB-AEE7-B25AEBD78DEF}"
EndProject
Global
	GlobalSection(SolutionConfigurationPlatforms) = preSolution
		Debug|Any CPU = Debug|Any CPU
		Release|Any CPU = Release|Any CPU
	EndGlobalSection
	GlobalSection(ProjectConfigurationPlatforms) = postSolution
		{58CD947F-D323-410F-8CAF-172DC2FAF84E}.Debug|Any CPU.ActiveCfg = Debug|Any CPU
		{58CD947F-D323-410F-8CAF-172DC2FAF84E}.Debug|Any CPU.Build.0 = Debug|Any CPU
		{58CD947F-D323-410F-8CAF-172DC2FAF84E}.Release|Any CPU.ActiveCfg = Release|Any CPU
		{58CD947F-D323-410F-8CAF-172DC2FAF84E}.Release|Any CPU.Build.0 = Release|Any CPU
		{A47AB6A4-1DE9-4771-8321-421898728F55}.Debug|Any CPU.ActiveCfg = Debug|Any CPU
		{A47AB6A4-1DE9-4771-8321-421898728F55}.Debug|Any CPU.Build.0 = Debug|Any CPU
		{A47AB6A4-1DE9-4771-8321-421898728F55}.Release|Any CPU.ActiveCfg = Release|Any CPU
		{A47AB6A4-1DE9-4771-8321-421898728F55}.Release|Any CPU.Build.0 = Release|Any CPU
		{2CADD156-CB9C-48BB-AEE7-B25AEBD78DEF}.Debug|Any CPU.ActiveCfg = Debug|Any CPU
		{2CADD156-CB9C-48BB-AEE7-B25AEBD78DEF}.Debug|Any CPU.Build.0 = Debug|Any CPU
		{2CADD156-CB9C-48BB-AEE7-B25AEBD78DEF}.Release|Any CPU.ActiveCfg = Release|Any CPU
		{2CADD156-CB9C-48BB-AEE7-B25AEBD78DEF}.Release|Any CPU.Build.0 = Release|Any CPU
	EndGlobalSection
	GlobalSection(SolutionProperties) = preSolution
		HideSolutionNode = FALSE
	EndGlobalSection
	GlobalSection(ExtensibilityGlobals) = postSolution
		SolutionGuid = {075118AA-A68D-4C9F-AB1A-4C222336451D}
	EndGlobalSection
EndGlobal
